{
  "version": "5",
  "specifiers": {
    "jsr:@std/assert@1": "1.0.19",
    "jsr:@std/internal@^1.0.12": "1.0.14"
  },
  "jsr": {
    "@std/assert@1.0.19": {
      "integrity": "eaada96ee120cb980bc47e040f82814d786fe8162ecc53c91d8df60b8755991e",
      "dependencies": [
        "jsr:@std/internal"
      ]
    },
    "@std/internal@1.0.14": {
      "integrity": "291516b3d4c35024d6ffbc0a9df5bf4c64116e05b50012cf846710152d2ffdf7"
    }
  },
  "workspace": {
    "packageJson": {
      "dependencies": [
        "npm:@electric-sql/pglite@~0.5.8",
        "npm:@fortawesome/free-brands-svg-icons@^6.6.0",
        "npm:@fortawesome/free-regular-svg-icons@^6.6.0",
        "npm:@fortawesome/free-solid-svg-icons@^6.6.0",
        "npm:@fortawesome/react-fontawesome@~0.2.2",
        "npm:@radix-ui/react-hover-card@^1.1.2",
        "npm:@radix-ui/react-label@^2.1.0",
        "npm:@supabase/ssr@~0.12.4",
        "npm:@supabase/supabase-js@^2.112.3",
        "npm:@tabler/icons-react@^3.19.0",
        "npm:@types/node@20",
        "npm:@types/qrcode@^1.5.6",
        "npm:@types/react-dom@18",
        "npm:@types/react@18",
        "npm:clsx@^2.1.1",
        "npm:framer-motion@^11.11.11",
        "npm:mini-svg-data-uri@^1.4.4",
        "npm:next-sitemap@^4.2.3",
        "npm:next@^16.3.2",
        "npm:pdf-lib@^1.17.1",
        "npm:pdfjs-dist@^6.3.289",
        "npm:postcss@8",
        "npm:qrcode@^1.5.4",
        "npm:qss@3",
        "npm:react-dom@18",
        "npm:react-element-to-jsx-string@15",
        "npm:react-icons@^5.3.0",
        "npm:react@18",
        "npm:styled-components@^6.1.13",
        "npm:tailwind-merge@^2.5.4",
        "npm:tailwindcss@^3.4.1",
        "npm:typescript@5"
      ]
    }
  }
}
